
Microsoft Visual Studio Solution File, Format Version 12.00
# Visual Studio 15
VisualStudioVersion = 15.0.26430.16
MinimumVisualStudioVersion = 10.0.40219.1
Project("{FAE04EC0-301F-11D3-BF4B-00C04F79EFBC}") = "gateway", "gateway\gateway.csproj", "{07195724-2134-4D29-9124-3EDBA340B360}"
EndProject
Project("{E53339B2-1760-4266-BCC7-CA923CBCF16C}") = "docker-compose", "docker-compose.dcproj", "{2B145BD7-EA80-4BFA-AFE5-2748BB0035D7}"
EndProject
Global
	GlobalSection(SolutionConfigurationPlatforms) = preSolution
		Debug|Any CPU = Debug|Any CPU
		Release|Any CPU = Release|Any CPU
	EndGlobalSection
	GlobalSection(ProjectConfigurationPlatforms) = postSolution
		{07195724-2134-4D29-9124-3EDBA340B360}.Debug|Any CPU.ActiveCfg = Debug|Any CPU
		{07195724-2134-4D29-9124-3EDBA340B360}.Debug|Any CPU.Build.0 = Debug|Any CPU
		{07195724-2134-4D29-9124-3EDBA340B360}.Release|Any CPU.ActiveCfg = Release|Any CPU
		{07195724-2134-4D29-9124-3EDBA340B360}.Release|Any CPU.Build.0 = Release|Any CPU
		{2B145BD7-EA80-4BFA-AFE5-2748BB0035D7}.Debug|Any CPU.ActiveCfg = Debug|Any CPU
		{2B145BD7-EA80-4BFA-AFE5-2748BB0035D7}.Debug|Any CPU.Build.0 = Debug|Any CPU
		{2B145BD7-EA80-4BFA-AFE5-2748BB0035D7}.Release|Any CPU.ActiveCfg = Release|Any CPU
		{2B145BD7-EA80-4BFA-AFE5-2748BB0035D7}.Release|Any CPU.Build.0 = Release|Any CPU
	EndGlobalSection
	GlobalSection(SolutionProperties) = preSolution
		HideSolutionNode = FALSE
	EndGlobalSection
EndGlobal
